
Microsoft Visual Studio Solution File, Format Version 12.00
# Visual Studio Version 16
VisualStudioVersion = 16.0.29102.190
MinimumVisualStudioVersion = 10.0.40219.1
Project("{FAE04EC0-301F-11D3-BF4B-00C04F79EFBC}") = "IsoBase", "IsoBase\IsoBase.csproj", "{F485D638-307D-42B5-9ABB-3D1C43AA3981}"
EndProject
Global
	GlobalSection(SolutionConfigurationPlatforms) = preSolution
		Debug|Any CPU = Debug|Any CPU
		Release|Any CPU = Release|Any CPU
	EndGlobalSection
	GlobalSection(ProjectConfigurationPlatforms) = postSolution
		{F485D638-307D-42B5-9ABB-3D1C43AA3981}.Debug|Any CPU.ActiveCfg = Debug|Any CPU
		{F485D638-307D-42B5-9ABB-3D1C43AA3981}.Debug|Any CPU.Build.0 = Debug|Any CPU
		{F485D638-307D-42B5-9ABB-3D1C43AA3981}.Release|Any CPU.ActiveCfg = Release|Any CPU
		{F485D638-307D-42B5-9ABB-3D1C43AA3981}.Release|Any CPU.Build.0 = Release|Any CPU
	EndGlobalSection
	GlobalSection(SolutionProperties) = preSolution
		HideSolutionNode = FALSE
	EndGlobalSection
	GlobalSection(ExtensibilityGlobals) = postSolution
		SolutionGuid = {2766586D-ECC6-4D0B-BF4F-521AF1F83C2C}
	EndGlobalSection
EndGlobal
